
Microsoft Visual Studio Solution File, Format Version 12.00
# Visual Studio Version 17
VisualStudioVersion = 17.3.32929.385
MinimumVisualStudioVersion = 10.0.40219.1
Project("{FAE04EC0-301F-11D3-BF4B-00C04F79EFBC}") = "NoteTakingApp", "NoteTakingApp\NoteTakingApp.csproj", "{734D9140-9011-4060-87A0-2C2D48A141C0}"
EndProject
Global
	GlobalSection(SolutionConfigurationPlatforms) = preSolution
		Debug|Any CPU = Debug|Any CPU
		Release|Any CPU = Release|Any CPU
	EndGlobalSection
	GlobalSection(ProjectConfigurationPlatforms) = postSolution
		{734D9140-9011-4060-87A0-2C2D48A141C0}.Debug|Any CPU.ActiveCfg = Debug|Any CPU
		{734D9140-9011-4060-87A0-2C2D48A141C0}.Debug|Any CPU.Build.0 = Debug|Any CPU
		{734D9140-9011-4060-87A0-2C2D48A141C0}.Release|Any CPU.ActiveCfg = Release|Any CPU
		{734D9140-9011-4060-87A0-2C2D48A141C0}.Release|Any CPU.Build.0 = Release|Any CPU
	EndGlobalSection
	GlobalSection(SolutionProperties) = preSolution
		HideSolutionNode = FALSE
	EndGlobalSection
	GlobalSection(ExtensibilityGlobals) = postSolution
		SolutionGuid = {33272C84-EB1D-4592-A1D8-9370EEF5259E}
	EndGlobalSection
EndGlobal
